
Microsoft Visual Studio Solution File, Format Version 11.00
# Visual Studio 2010
Project("{8BC9CEB8-8B4A-11D0-8D11-00A0C91BC942}") = "LTFS Console", "LTFS Console\LTFS Console.vcxproj", "{0F1C7336-E2C8-4DEF-9A64-A1D68C3E7E85}"
EndProject
Global
	GlobalSection(SolutionConfigurationPlatforms) = preSolution
		Debug|Win32 = Debug|Win32
		Release|Win32 = Release|Win32
	EndGlobalSection
	GlobalSection(ProjectConfigurationPlatforms) = postSolution
		{0F1C7336-E2C8-4DEF-9A64-A1D68C3E7E85}.Debug|Win32.ActiveCfg = Debug|Win32
		{0F1C7336-E2C8-4DEF-9A64-A1D68C3E7E85}.Debug|Win32.Build.0 = Debug|Win32
		{0F1C7336-E2C8-4DEF-9A64-A1D68C3E7E85}.Release|Win32.ActiveCfg = Release|Win32
		{0F1C7336-E2C8-4DEF-9A64-A1D68C3E7E85}.Release|Win32.Build.0 = Release|Win32
	EndGlobalSection
	GlobalSection(SolutionProperties) = preSolution
		HideSolutionNode = FALSE
	EndGlobalSection
EndGlobal
